// !$*UTF8*$!
{
	archiveVersion = 1;
	classes = {
	};
	objectVersion = 50;
	objects = {

/* Begin PBXFileReference section */
		26FA6755261F1C9900B20DBB /* cod-name-process.odt */ = {isa = PBXFileReference; lastKnownFileType = file; path = "cod-name-process.odt"; sourceTree = "<group>"; };
		26FA6756261F1C9A00B20DBB /* cod-name-process.xml */ = {isa = PBXFileReference; lastKnownFileType = text.xml; path = "cod-name-process.xml"; sourceTree = "<group>"; };
		26FA675B261F1C9A00B20DBB /* result.xml */ = {isa = PBXFileReference; lastKnownFileType = text.xml; path = result.xml; sourceTree = "<group>"; };
		26FA675C261F1C9A00B20DBB /* cod-name-instance.xml */ = {isa = PBXFileReference; lastKnownFileType = text.xml; path = "cod-name-instance.xml"; sourceTree = "<group>"; };
		26FA675D261F1C9A00B20DBB /* cod-name-instance.odt */ = {isa = PBXFileReference; lastKnownFileType = file; path = "cod-name-instance.odt"; sourceTree = "<group>"; };
/* End PBXFileReference section */

/* Begin PBXGroup section */
		26FA674A261F1C3D00B20DBB = {
			isa = PBXGroup;
			children = (
				26FA6751261F1C9900B20DBB /* cod-name-process */,
			);
			sourceTree = "<group>";
		};
		26FA6751261F1C9900B20DBB /* cod-name-process */ = {
			isa = PBXGroup;
			children = (
				26FA6752261F1C9900B20DBB /* content */,
				26FA6754261F1C9900B20DBB /* model */,
				26FA6757261F1C9A00B20DBB /* instance */,
			);
			path = "cod-name-process";
			sourceTree = "<group>";
		};
		26FA6752261F1C9900B20DBB /* content */ = {
			isa = PBXGroup;
			children = (
				26FA6753261F1C9900B20DBB /* works */,
			);
			path = content;
			sourceTree = "<group>";
		};
		26FA6753261F1C9900B20DBB /* works */ = {
			isa = PBXGroup;
			children = (
			);
			path = works;
			sourceTree = "<group>";
		};
		26FA6754261F1C9900B20DBB /* model */ = {
			isa = PBXGroup;
			children = (
				26FA6755261F1C9900B20DBB /* cod-name-process.odt */,
				26FA6756261F1C9A00B20DBB /* cod-name-process.xml */,
			);
			path = model;
			sourceTree = "<group>";
		};
		26FA6757261F1C9A00B20DBB /* instance */ = {
			isa = PBXGroup;
			children = (
				26FA6758261F1C9A00B20DBB /* 00-instance-blueprint */,
			);
			path = instance;
			sourceTree = "<group>";
		};
		26FA6758261F1C9A00B20DBB /* 00-instance-blueprint */ = {
			isa = PBXGroup;
			children = (
				26FA6759261F1C9A00B20DBB /* cod-name-instance */,
			);
			path = "00-instance-blueprint";
			sourceTree = "<group>";
		};
		26FA6759261F1C9A00B20DBB /* cod-name-instance */ = {
			isa = PBXGroup;
			children = (
				26FA675A261F1C9A00B20DBB /* result */,
				26FA675C261F1C9A00B20DBB /* cod-name-instance.xml */,
				26FA675D261F1C9A00B20DBB /* cod-name-instance.odt */,
			);
			path = "cod-name-instance";
			sourceTree = "<group>";
		};
		26FA675A261F1C9A00B20DBB /* result */ = {
			isa = PBXGroup;
			children = (
				26FA675B261F1C9A00B20DBB /* result.xml */,
			);
			path = result;
			sourceTree = "<group>";
		};
/* End PBXGroup section */

/* Begin PBXProject section */
		26FA674B261F1C3D00B20DBB /* Project object */ = {
			isa = PBXProject;
			attributes = {
				LastUpgradeCheck = 1240;
			};
			buildConfigurationList = 26FA674E261F1C3D00B20DBB /* Build configuration list for PBXProject "00-blueprint" */;
			compatibilityVersion = "Xcode 9.3";
			developmentRegion = en;
			hasScannedForEncodings = 0;
			knownRegions = (
				en,
				Base,
			);
			mainGroup = 26FA674A261F1C3D00B20DBB;
			projectDirPath = "";
			projectRoot = "";
			targets = (
			);
		};
/* End PBXProject section */

/* Begin XCBuildConfiguration section */
		26FA674F261F1C3D00B20DBB /* Debug */ = {
			isa = XCBuildConfiguration;
			buildSettings = {
			};
			name = Debug;
		};
		26FA6750261F1C3D00B20DBB /* Release */ = {
			isa = XCBuildConfiguration;
			buildSettings = {
			};
			name = Release;
		};
/* End XCBuildConfiguration section */

/* Begin XCConfigurationList section */
		26FA674E261F1C3D00B20DBB /* Build configuration list for PBXProject "00-blueprint" */ = {
			isa = XCConfigurationList;
			buildConfigurations = (
				26FA674F261F1C3D00B20DBB /* Debug */,
				26FA6750261F1C3D00B20DBB /* Release */,
			);
			defaultConfigurationIsVisible = 0;
			defaultConfigurationName = Release;
		};
/* End XCConfigurationList section */
	};
	rootObject = 26FA674B261F1C3D00B20DBB /* Project object */;
}
