// !$*UTF8*$!
{
	archiveVersion = 1;
	classes = {
	};
	objectVersion = 50;
	objects = {

/* Begin PBXGroup section */
		26FA676E261F1E7D00B20DBB = {
			isa = PBXGroup;
			children = (
			);
			sourceTree = "<group>";
		};
/* End PBXGroup section */

/* Begin PBXProject section */
		26FA676F261F1E7D00B20DBB /* Project object */ = {
			isa = PBXProject;
			attributes = {
				LastUpgradeCheck = 1240;
			};
			buildConfigurationList = 26FA6772261F1E7D00B20DBB /* Build configuration list for PBXProject "support-process" */;
			compatibilityVersion = "Xcode 9.3";
			developmentRegion = en;
			hasScannedForEncodings = 0;
			knownRegions = (
				en,
				Base,
			);
			mainGroup = 26FA676E261F1E7D00B20DBB;
			projectDirPath = "";
			projectRoot = "";
			targets = (
			);
		};
/* End PBXProject section */

/* Begin XCBuildConfiguration section */
		26FA6773261F1E7D00B20DBB /* Debug */ = {
			isa = XCBuildConfiguration;
			buildSettings = {
			};
			name = Debug;
		};
		26FA6774261F1E7D00B20DBB /* Release */ = {
			isa = XCBuildConfiguration;
			buildSettings = {
			};
			name = Release;
		};
/* End XCBuildConfiguration section */

/* Begin XCConfigurationList section */
		26FA6772261F1E7D00B20DBB /* Build configuration list for PBXProject "support-process" */ = {
			isa = XCConfigurationList;
			buildConfigurations = (
				26FA6773261F1E7D00B20DBB /* Debug */,
				26FA6774261F1E7D00B20DBB /* Release */,
			);
			defaultConfigurationIsVisible = 0;
			defaultConfigurationName = Release;
		};
/* End XCConfigurationList section */
	};
	rootObject = 26FA676F261F1E7D00B20DBB /* Project object */;
}
