// !$*UTF8*$!
{
	archiveVersion = 1;
	classes = {
	};
	objectVersion = 50;
	objects = {

/* Begin PBXFileReference section */
		26FA6765261F1DEA00B20DBB /* note-bpm.odt */ = {isa = PBXFileReference; lastKnownFileType = file; path = "note-bpm.odt"; sourceTree = "<group>"; };
/* End PBXFileReference section */

/* Begin PBXGroup section */
		26FA675E261F1DAB00B20DBB = {
			isa = PBXGroup;
			children = (
				26FA6766261F1DEA00B20DBB /* mind-map */,
				26FA6765261F1DEA00B20DBB /* note-bpm.odt */,
			);
			sourceTree = "<group>";
		};
		26FA6766261F1DEA00B20DBB /* mind-map */ = {
			isa = PBXGroup;
			children = (
			);
			path = "mind-map";
			sourceTree = "<group>";
		};
/* End PBXGroup section */

/* Begin PBXProject section */
		26FA675F261F1DAB00B20DBB /* Project object */ = {
			isa = PBXProject;
			attributes = {
				LastUpgradeCheck = 1240;
			};
			buildConfigurationList = 26FA6762261F1DAB00B20DBB /* Build configuration list for PBXProject "01-office" */;
			compatibilityVersion = "Xcode 9.3";
			developmentRegion = en;
			hasScannedForEncodings = 0;
			knownRegions = (
				en,
				Base,
			);
			mainGroup = 26FA675E261F1DAB00B20DBB;
			projectDirPath = "";
			projectRoot = "";
			targets = (
			);
		};
/* End PBXProject section */

/* Begin XCBuildConfiguration section */
		26FA6763261F1DAB00B20DBB /* Debug */ = {
			isa = XCBuildConfiguration;
			buildSettings = {
			};
			name = Debug;
		};
		26FA6764261F1DAB00B20DBB /* Release */ = {
			isa = XCBuildConfiguration;
			buildSettings = {
			};
			name = Release;
		};
/* End XCBuildConfiguration section */

/* Begin XCConfigurationList section */
		26FA6762261F1DAB00B20DBB /* Build configuration list for PBXProject "01-office" */ = {
			isa = XCConfigurationList;
			buildConfigurations = (
				26FA6763261F1DAB00B20DBB /* Debug */,
				26FA6764261F1DAB00B20DBB /* Release */,
			);
			defaultConfigurationIsVisible = 0;
			defaultConfigurationName = Release;
		};
/* End XCConfigurationList section */
	};
	rootObject = 26FA675F261F1DAB00B20DBB /* Project object */;
}
